
Microsoft Visual Studio Solution File, Format Version 12.00
# Visual Studio 2012
Project("{FAE04EC0-301F-11D3-BF4B-00C04F79EFBC}") = "atelier3WorkFlow", "atelier3WorkFlow.csproj", "{21E9C0DE-BDD0-432D-82B2-A63C9338188B}"
EndProject
Project("{FAE04EC0-301F-11D3-BF4B-00C04F79EFBC}") = "atelierTroisLib", "atelierTroisLib\atelierTroisLib.csproj", "{858B2E9C-5489-42B5-8E02-5D64A87AC47D}"
EndProject
Project("{FAE04EC0-301F-11D3-BF4B-00C04F79EFBC}") = "TestProject", "TestProject\TestProject.csproj", "{F2BEE4D8-B45E-438B-B11F-5E8401DE4B55}"
EndProject
Global
	GlobalSection(SolutionConfigurationPlatforms) = preSolution
		Debug|Any CPU = Debug|Any CPU
		Release|Any CPU = Release|Any CPU
	EndGlobalSection
	GlobalSection(ProjectConfigurationPlatforms) = postSolution
		{21E9C0DE-BDD0-432D-82B2-A63C9338188B}.Debug|Any CPU.ActiveCfg = Debug|Any CPU
		{21E9C0DE-BDD0-432D-82B2-A63C9338188B}.Debug|Any CPU.Build.0 = Debug|Any CPU
		{21E9C0DE-BDD0-432D-82B2-A63C9338188B}.Release|Any CPU.ActiveCfg = Release|Any CPU
		{21E9C0DE-BDD0-432D-82B2-A63C9338188B}.Release|Any CPU.Build.0 = Release|Any CPU
		{858B2E9C-5489-42B5-8E02-5D64A87AC47D}.Debug|Any CPU.ActiveCfg = Debug|Any CPU
		{858B2E9C-5489-42B5-8E02-5D64A87AC47D}.Debug|Any CPU.Build.0 = Debug|Any CPU
		{858B2E9C-5489-42B5-8E02-5D64A87AC47D}.Release|Any CPU.ActiveCfg = Release|Any CPU
		{858B2E9C-5489-42B5-8E02-5D64A87AC47D}.Release|Any CPU.Build.0 = Release|Any CPU
		{F2BEE4D8-B45E-438B-B11F-5E8401DE4B55}.Debug|Any CPU.ActiveCfg = Debug|Any CPU
		{F2BEE4D8-B45E-438B-B11F-5E8401DE4B55}.Debug|Any CPU.Build.0 = Debug|Any CPU
		{F2BEE4D8-B45E-438B-B11F-5E8401DE4B55}.Release|Any CPU.ActiveCfg = Release|Any CPU
		{F2BEE4D8-B45E-438B-B11F-5E8401DE4B55}.Release|Any CPU.Build.0 = Release|Any CPU
	EndGlobalSection
	GlobalSection(SolutionProperties) = preSolution
		HideSolutionNode = FALSE
	EndGlobalSection
EndGlobal
